
Microsoft Visual Studio Solution File, Format Version 12.00
# Visual Studio Version 16
VisualStudioVersion = 16.0.30002.166
MinimumVisualStudioVersion = 10.0.40219.1
Project("{FAE04EC0-301F-11D3-BF4B-00C04F79EFBC}") = "WebAppSignalR", "WebAppSignalR\WebAppSignalR.csproj", "{7E6D4AEA-B601-4B22-A443-79709B72FFB7}"
EndProject
Global
	GlobalSection(SolutionConfigurationPlatforms) = preSolution
		Debug|Any CPU = Debug|Any CPU
		Release|Any CPU = Release|Any CPU
	EndGlobalSection
	GlobalSection(ProjectConfigurationPlatforms) = postSolution
		{7E6D4AEA-B601-4B22-A443-79709B72FFB7}.Debug|Any CPU.ActiveCfg = Debug|Any CPU
		{7E6D4AEA-B601-4B22-A443-79709B72FFB7}.Debug|Any CPU.Build.0 = Debug|Any CPU
		{7E6D4AEA-B601-4B22-A443-79709B72FFB7}.Release|Any CPU.ActiveCfg = Release|Any CPU
		{7E6D4AEA-B601-4B22-A443-79709B72FFB7}.Release|Any CPU.Build.0 = Release|Any CPU
	EndGlobalSection
	GlobalSection(SolutionProperties) = preSolution
		HideSolutionNode = FALSE
	EndGlobalSection
	GlobalSection(ExtensibilityGlobals) = postSolution
		SolutionGuid = {5BBE7709-44EE-4313-A31C-8E129EED7C9A}
	EndGlobalSection
EndGlobal
